
Microsoft Visual Studio Solution File, Format Version 12.00
# Visual Studio Version 17
VisualStudioVersion = 17.10.35122.118
MinimumVisualStudioVersion = 10.0.40219.1
Project("{FAE04EC0-301F-11D3-BF4B-00C04F79EFBC}") = "ProHodie.API", "ProHodie.API.csproj", "{04898932-7C6A-4741-864F-878F5948CCDE}"
EndProject
Global
	GlobalSection(SolutionConfigurationPlatforms) = preSolution
		Debug|Any CPU = Debug|Any CPU
		Release|Any CPU = Release|Any CPU
	EndGlobalSection
	GlobalSection(ProjectConfigurationPlatforms) = postSolution
		{04898932-7C6A-4741-864F-878F5948CCDE}.Debug|Any CPU.ActiveCfg = Debug|Any CPU
		{04898932-7C6A-4741-864F-878F5948CCDE}.Debug|Any CPU.Build.0 = Debug|Any CPU
		{04898932-7C6A-4741-864F-878F5948CCDE}.Release|Any CPU.ActiveCfg = Release|Any CPU
		{04898932-7C6A-4741-864F-878F5948CCDE}.Release|Any CPU.Build.0 = Release|Any CPU
	EndGlobalSection
	GlobalSection(SolutionProperties) = preSolution
		HideSolutionNode = FALSE
	EndGlobalSection
	GlobalSection(ExtensibilityGlobals) = postSolution
		SolutionGuid = {D001DC05-DDFD-4C2D-891D-1D670A1A4E24}
	EndGlobalSection
EndGlobal
